
Microsoft Visual Studio Solution File, Format Version 12.00
# Visual Studio 14
VisualStudioVersion = 14.0.24720.0
MinimumVisualStudioVersion = 10.0.40219.1
Project("{FAE04EC0-301F-11D3-BF4B-00C04F79EFBC}") = "Speranza", "Speranza\Speranza.csproj", "{F8693B3E-DB8C-43AE-AAF7-1802E5407EFE}"
EndProject
Project("{FAE04EC0-301F-11D3-BF4B-00C04F79EFBC}") = "Speranza.Tests", "Speranza.Tests\Speranza.Tests.csproj", "{4958E352-460D-4051-8D2C-1D8EA9433BC1}"
EndProject
Project("{FAE04EC0-301F-11D3-BF4B-00C04F79EFBC}") = "Speranza.Database", "Speranza.Database\Speranza.Database.csproj", "{880C37BD-82D3-4BA6-B212-C10483A513D9}"
EndProject
Project("{FAE04EC0-301F-11D3-BF4B-00C04F79EFBC}") = "Speranza.Models", "Speranza.Models\Speranza.Models.csproj", "{94A66CA6-1784-49B7-9904-443BDBD5234F}"
EndProject
Project("{FAE04EC0-301F-11D3-BF4B-00C04F79EFBC}") = "Speranza.Services", "Speranza.Services\Speranza.Services.csproj", "{CB0D5A47-CDB0-4569-B925-0FEC2E671C3B}"
EndProject
Project("{FAE04EC0-301F-11D3-BF4B-00C04F79EFBC}") = "Speranza.Database.Data", "Speranza.Database.Data\Speranza.Database.Data.csproj", "{0E00C507-13A6-4099-83D1-3D593E832913}"
EndProject
Project("{FAE04EC0-301F-11D3-BF4B-00C04F79EFBC}") = "Speranza.Models.Interfaces", "Speranza.Models.Interfaces\Speranza.Models.Interfaces.csproj", "{CC06C75B-BBE6-4DA0-87DA-1BC9DE8D2135}"
EndProject
Project("{FAE04EC0-301F-11D3-BF4B-00C04F79EFBC}") = "Speranza.Database.Data.Interfaces", "Speranza.Database.Data.Interfaces\Speranza.Database.Data.Interfaces.csproj", "{14012CB2-90FA-4298-994A-B682352B16AA}"
EndProject
Project("{FAE04EC0-301F-11D3-BF4B-00C04F79EFBC}") = "Speranza.Services.Interfaces", "Speranza.Services.Interfaces\Speranza.Services.Interfaces.csproj", "{35896D13-6A4A-4D16-B927-764CBAF825E9}"
EndProject
Global
	GlobalSection(SolutionConfigurationPlatforms) = preSolution
		Debug|Any CPU = Debug|Any CPU
		Release|Any CPU = Release|Any CPU
	EndGlobalSection
	GlobalSection(ProjectConfigurationPlatforms) = postSolution
		{F8693B3E-DB8C-43AE-AAF7-1802E5407EFE}.Debug|Any CPU.ActiveCfg = Debug|Any CPU
		{F8693B3E-DB8C-43AE-AAF7-1802E5407EFE}.Debug|Any CPU.Build.0 = Debug|Any CPU
		{F8693B3E-DB8C-43AE-AAF7-1802E5407EFE}.Release|Any CPU.ActiveCfg = Release|Any CPU
		{F8693B3E-DB8C-43AE-AAF7-1802E5407EFE}.Release|Any CPU.Build.0 = Release|Any CPU
		{4958E352-460D-4051-8D2C-1D8EA9433BC1}.Debug|Any CPU.ActiveCfg = Debug|Any CPU
		{4958E352-460D-4051-8D2C-1D8EA9433BC1}.Debug|Any CPU.Build.0 = Debug|Any CPU
		{4958E352-460D-4051-8D2C-1D8EA9433BC1}.Release|Any CPU.ActiveCfg = Release|Any CPU
		{4958E352-460D-4051-8D2C-1D8EA9433BC1}.Release|Any CPU.Build.0 = Release|Any CPU
		{880C37BD-82D3-4BA6-B212-C10483A513D9}.Debug|Any CPU.ActiveCfg = Debug|Any CPU
		{880C37BD-82D3-4BA6-B212-C10483A513D9}.Debug|Any CPU.Build.0 = Debug|Any CPU
		{880C37BD-82D3-4BA6-B212-C10483A513D9}.Release|Any CPU.ActiveCfg = Release|Any CPU
		{880C37BD-82D3-4BA6-B212-C10483A513D9}.Release|Any CPU.Build.0 = Release|Any CPU
		{94A66CA6-1784-49B7-9904-443BDBD5234F}.Debug|Any CPU.ActiveCfg = Debug|Any CPU
		{94A66CA6-1784-49B7-9904-443BDBD5234F}.Debug|Any CPU.Build.0 = Debug|Any CPU
		{94A66CA6-1784-49B7-9904-443BDBD5234F}.Release|Any CPU.ActiveCfg = Release|Any CPU
		{94A66CA6-1784-49B7-9904-443BDBD5234F}.Release|Any CPU.Build.0 = Release|Any CPU
		{CB0D5A47-CDB0-4569-B925-0FEC2E671C3B}.Debug|Any CPU.ActiveCfg = Debug|Any CPU
		{CB0D5A47-CDB0-4569-B925-0FEC2E671C3B}.Debug|Any CPU.Build.0 = Debug|Any CPU
		{CB0D5A47-CDB0-4569-B925-0FEC2E671C3B}.Release|Any CPU.ActiveCfg = Release|Any CPU
		{CB0D5A47-CDB0-4569-B925-0FEC2E671C3B}.Release|Any CPU.Build.0 = Release|Any CPU
		{0E00C507-13A6-4099-83D1-3D593E832913}.Debug|Any CPU.ActiveCfg = Debug|Any CPU
		{0E00C507-13A6-4099-83D1-3D593E832913}.Debug|Any CPU.Build.0 = Debug|Any CPU
		{0E00C507-13A6-4099-83D1-3D593E832913}.Release|Any CPU.ActiveCfg = Release|Any CPU
		{0E00C507-13A6-4099-83D1-3D593E832913}.Release|Any CPU.Build.0 = Release|Any CPU
		{CC06C75B-BBE6-4DA0-87DA-1BC9DE8D2135}.Debug|Any CPU.ActiveCfg = Debug|Any CPU
		{CC06C75B-BBE6-4DA0-87DA-1BC9DE8D2135}.Debug|Any CPU.Build.0 = Debug|Any CPU
		{CC06C75B-BBE6-4DA0-87DA-1BC9DE8D2135}.Release|Any CPU.ActiveCfg = Release|Any CPU
		{CC06C75B-BBE6-4DA0-87DA-1BC9DE8D2135}.Release|Any CPU.Build.0 = Release|Any CPU
		{14012CB2-90FA-4298-994A-B682352B16AA}.Debug|Any CPU.ActiveCfg = Debug|Any CPU
		{14012CB2-90FA-4298-994A-B682352B16AA}.Debug|Any CPU.Build.0 = Debug|Any CPU
		{14012CB2-90FA-4298-994A-B682352B16AA}.Release|Any CPU.ActiveCfg = Release|Any CPU
		{14012CB2-90FA-4298-994A-B682352B16AA}.Release|Any CPU.Build.0 = Release|Any CPU
		{35896D13-6A4A-4D16-B927-764CBAF825E9}.Debug|Any CPU.ActiveCfg = Debug|Any CPU
		{35896D13-6A4A-4D16-B927-764CBAF825E9}.Debug|Any CPU.Build.0 = Debug|Any CPU
		{35896D13-6A4A-4D16-B927-764CBAF825E9}.Release|Any CPU.ActiveCfg = Release|Any CPU
		{35896D13-6A4A-4D16-B927-764CBAF825E9}.Release|Any CPU.Build.0 = Release|Any CPU
	EndGlobalSection
	GlobalSection(SolutionProperties) = preSolution
		HideSolutionNode = FALSE
	EndGlobalSection
EndGlobal
